Microsoft Visual Studio Solution File, Format Version 9.00
# Visual C++ Express 2005
Project("{8BC9CEB8-8B4A-11D0-8D11-00A0C91BC942}") = "winperf", "vc7winperf.vcproj", "{DBEB2432-3D25-4015-B618-6A8ACCA85D92}"
EndProject
Global
	GlobalSection(SolutionConfigurationPlatforms) = preSolution
		Debug|Win32 = Debug|Win32
		Release|Win32 = Release|Win32
	EndGlobalSection
	GlobalSection(ProjectConfigurationPlatforms) = postSolution
		{DBEB2432-3D25-4015-B618-6A8ACCA85D92}.Debug|Win32.ActiveCfg = Debug|Win32
		{DBEB2432-3D25-4015-B618-6A8ACCA85D92}.Debug|Win32.Build.0 = Debug|Win32
		{DBEB2432-3D25-4015-B618-6A8ACCA85D92}.Release|Win32.ActiveCfg = Release|Win32
		{DBEB2432-3D25-4015-B618-6A8ACCA85D92}.Release|Win32.Build.0 = Release|Win32
	EndGlobalSection
	GlobalSection(SolutionProperties) = preSolution
		HideSolutionNode = FALSE
	EndGlobalSection
EndGlobal
