
Microsoft Visual Studio Solution File, Format Version 9.00
# Visual C++ Express 2005
Project("{8BC9CEB8-8B4A-11D0-8D11-00A0C91BC942}") = "wmi", "wmi.vcproj", "{D9CFE34F-9A22-4C62-B726-351EA9156361}"
EndProject
Global
	GlobalSection(SolutionConfigurationPlatforms) = preSolution
		Debug|Win32 = Debug|Win32
		Release|Win32 = Release|Win32
	EndGlobalSection
	GlobalSection(ProjectConfigurationPlatforms) = postSolution
		{D9CFE34F-9A22-4C62-B726-351EA9156361}.Debug|Win32.ActiveCfg = Debug|Win32
		{D9CFE34F-9A22-4C62-B726-351EA9156361}.Debug|Win32.Build.0 = Debug|Win32
		{D9CFE34F-9A22-4C62-B726-351EA9156361}.Release|Win32.ActiveCfg = Release|Win32
		{D9CFE34F-9A22-4C62-B726-351EA9156361}.Release|Win32.Build.0 = Release|Win32
	EndGlobalSection
	GlobalSection(SolutionProperties) = preSolution
		HideSolutionNode = FALSE
	EndGlobalSection
EndGlobal
