
Microsoft Visual Studio Solution File, Format Version 9.00
# Visual C++ Express 2005
Project("{8BC9CEB8-8B4A-11D0-8D11-00A0C91BC942}") = "winperf", "winperf.vcproj", "{E2BFEB14-A40E-4124-AA6A-EF6E57B960AC}"
EndProject
Global
	GlobalSection(SolutionConfigurationPlatforms) = preSolution
		Debug|Win32 = Debug|Win32
		Release|Win32 = Release|Win32
	EndGlobalSection
	GlobalSection(ProjectConfigurationPlatforms) = postSolution
		{E2BFEB14-A40E-4124-AA6A-EF6E57B960AC}.Debug|Win32.ActiveCfg = Debug|Win32
		{E2BFEB14-A40E-4124-AA6A-EF6E57B960AC}.Debug|Win32.Build.0 = Debug|Win32
		{E2BFEB14-A40E-4124-AA6A-EF6E57B960AC}.Release|Win32.ActiveCfg = Release|Win32
		{E2BFEB14-A40E-4124-AA6A-EF6E57B960AC}.Release|Win32.Build.0 = Release|Win32
	EndGlobalSection
	GlobalSection(SolutionProperties) = preSolution
		HideSolutionNode = FALSE
	EndGlobalSection
EndGlobal
